
Microsoft Visual Studio Solution File, Format Version 12.00
# Visual Studio Version 16
VisualStudioVersion = 16.0.32802.440
MinimumVisualStudioVersion = 10.0.40219.1
Project("{FAE04EC0-301F-11D3-BF4B-00C04F79EFBC}") = "CursoCPractica3_Condicionales", "CursoCPractica3_Condicionales.csproj", "{BE6B4F33-A21E-432E-B1FB-1E4E36E4229B}"
EndProject
Global
	GlobalSection(SolutionConfigurationPlatforms) = preSolution
		Debug|Any CPU = Debug|Any CPU
		Release|Any CPU = Release|Any CPU
	EndGlobalSection
	GlobalSection(ProjectConfigurationPlatforms) = postSolution
		{BE6B4F33-A21E-432E-B1FB-1E4E36E4229B}.Debug|Any CPU.ActiveCfg = Debug|Any CPU
		{BE6B4F33-A21E-432E-B1FB-1E4E36E4229B}.Debug|Any CPU.Build.0 = Debug|Any CPU
		{BE6B4F33-A21E-432E-B1FB-1E4E36E4229B}.Release|Any CPU.ActiveCfg = Release|Any CPU
		{BE6B4F33-A21E-432E-B1FB-1E4E36E4229B}.Release|Any CPU.Build.0 = Release|Any CPU
	EndGlobalSection
	GlobalSection(SolutionProperties) = preSolution
		HideSolutionNode = FALSE
	EndGlobalSection
	GlobalSection(ExtensibilityGlobals) = postSolution
		SolutionGuid = {037FC00C-8678-4331-B6E8-8456E648F879}
	EndGlobalSection
EndGlobal
